// !$*UTF8*$!
{
	archiveVersion = 1;
	classes = {
	};
	objectVersion = 50;
	objects = {

/* Begin PBXBuildFile section */
		928B2EA867ECFA7DE80188F0 /* libPods-NLVideoPlayer.a in Frameworks */ = {isa = PBXBuildFile; fileRef = A652C1371DDDEADFA7C7B220 /* libPods-NLVideoPlayer.a */; };
		CA2B064D20B3E1DA007ADA30 /* NLWriterVideoRecordViewController.m in Sources */ = {isa = PBXBuildFile; fileRef = CA2B064C20B3E1DA007ADA30 /* NLWriterVideoRecordViewController.m */; };
		CA2B065020B3E29E007ADA30 /* NLWriterVideoRecordManager.m in Sources */ = {isa = PBXBuildFile; fileRef = CA2B064F20B3E29E007ADA30 /* NLWriterVideoRecordManager.m */; };
		CA2B065620B4FB6D007ADA30 /* NLSettingView.m in Sources */ = {isa = PBXBuildFile; fileRef = CA2B065520B4FB6D007ADA30 /* NLSettingView.m */; };
		CA2B065920B4FD42007ADA30 /* NLTopOptionsView.m in Sources */ = {isa = PBXBuildFile; fileRef = CA2B065820B4FD42007ADA30 /* NLTopOptionsView.m */; };
		CA63E836209C04E100090A20 /* AppDelegate.m in Sources */ = {isa = PBXBuildFile; fileRef = CA63E835209C04E100090A20 /* AppDelegate.m */; };
		CA63E839209C04E100090A20 /* ViewController.m in Sources */ = {isa = PBXBuildFile; fileRef = CA63E838209C04E100090A20 /* ViewController.m */; };
		CA63E83C209C04E100090A20 /* Main.storyboard in Resources */ = {isa = PBXBuildFile; fileRef = CA63E83A209C04E100090A20 /* Main.storyboard */; };
		CA63E83E209C04E300090A20 /* Assets.xcassets in Resources */ = {isa = PBXBuildFile; fileRef = CA63E83D209C04E300090A20 /* Assets.xcassets */; };
		CA63E841209C04E300090A20 /* LaunchScreen.storyboard in Resources */ = {isa = PBXBuildFile; fileRef = CA63E83F209C04E300090A20 /* LaunchScreen.storyboard */; };
		CA63E844209C04E300090A20 /* main.m in Sources */ = {isa = PBXBuildFile; fileRef = CA63E843209C04E300090A20 /* main.m */; };
		CA63E84E209C04E300090A20 /* NLVideoPlayerTests.m in Sources */ = {isa = PBXBuildFile; fileRef = CA63E84D209C04E300090A20 /* NLVideoPlayerTests.m */; };
		CA63E859209C04E300090A20 /* NLVideoPlayerUITests.m in Sources */ = {isa = PBXBuildFile; fileRef = CA63E858209C04E300090A20 /* NLVideoPlayerUITests.m */; };
		CAB888CD20AD80AB00088214 /* NLWaterMarkManager.m in Sources */ = {isa = PBXBuildFile; fileRef = CAB8889120AD80AB00088214 /* NLWaterMarkManager.m */; };
		CAB888CE20AD80AB00088214 /* record_close@3x.png in Resources */ = {isa = PBXBuildFile; fileRef = CAB8889520AD80AB00088214 /* record_close@3x.png */; };
		CAB888CF20AD80AB00088214 /* time_ sign@3x.png in Resources */ = {isa = PBXBuildFile; fileRef = CAB8889620AD80AB00088214 /* time_ sign@3x.png */; };
		CAB888D020AD80AB00088214 /* time_sign@2x.png in Resources */ = {isa = PBXBuildFile; fileRef = CAB8889720AD80AB00088214 /* time_sign@2x.png */; };
		CAB888D120AD80AB00088214 /* record_camera@2x.png in Resources */ = {isa = PBXBuildFile; fileRef = CAB8889820AD80AB00088214 /* record_camera@2x.png */; };
		CAB888D220AD80AB00088214 /* record_camera@3x.png in Resources */ = {isa = PBXBuildFile; fileRef = CAB8889920AD80AB00088214 /* record_camera@3x.png */; };
		CAB888D320AD80AB00088214 /* record_close@2x.png in Resources */ = {isa = PBXBuildFile; fileRef = CAB8889A20AD80AB00088214 /* record_close@2x.png */; };
		CAB888D420AD80AB00088214 /* record_light_auto@3x.png in Resources */ = {isa = PBXBuildFile; fileRef = CAB8889B20AD80AB00088214 /* record_light_auto@3x.png */; };
		CAB888D520AD80AB00088214 /* record_light_off@3x.png in Resources */ = {isa = PBXBuildFile; fileRef = CAB8889C20AD80AB00088214 /* record_light_off@3x.png */; };
		CAB888D620AD80AB00088214 /* record_light_off@2x.png in Resources */ = {isa = PBXBuildFile; fileRef = CAB8889D20AD80AB00088214 /* record_light_off@2x.png */; };
		CAB888D720AD80AB00088214 /* record_light_auto@2x.png in Resources */ = {isa = PBXBuildFile; fileRef = CAB8889E20AD80AB00088214 /* record_light_auto@2x.png */; };
		CAB888D820AD80AB00088214 /* record_light_on@2x.png in Resources */ = {isa = PBXBuildFile; fileRef = CAB8889F20AD80AB00088214 /* record_light_on@2x.png */; };
		CAB888D920AD80AB00088214 /* record_save@3x.png in Resources */ = {isa = PBXBuildFile; fileRef = CAB888A020AD80AB00088214 /* record_save@3x.png */; };
		CAB888DA20AD80AB00088214 /* record_cancle@3x.png in Resources */ = {isa = PBXBuildFile; fileRef = CAB888A120AD80AB00088214 /* record_cancle@3x.png */; };
		CAB888DB20AD80AB00088214 /* record_cancle@2x.png in Resources */ = {isa = PBXBuildFile; fileRef = CAB888A220AD80AB00088214 /* record_cancle@2x.png */; };
		CAB888DC20AD80AB00088214 /* record_save@2x.png in Resources */ = {isa = PBXBuildFile; fileRef = CAB888A320AD80AB00088214 /* record_save@2x.png */; };
		CAB888DD20AD80AB00088214 /* record_light_on@3x.png in Resources */ = {isa = PBXBuildFile; fileRef = CAB888A420AD80AB00088214 /* record_light_on@3x.png */; };
		CAB888DE20AD80AB00088214 /* record_preview@3x.png in Resources */ = {isa = PBXBuildFile; fileRef = CAB888A520AD80AB00088214 /* record_preview@3x.png */; };
		CAB888DF20AD80AB00088214 /* record_start@2x.png in Resources */ = {isa = PBXBuildFile; fileRef = CAB888A620AD80AB00088214 /* record_start@2x.png */; };
		CAB888E020AD80AB00088214 /* record_start@3x.png in Resources */ = {isa = PBXBuildFile; fileRef = CAB888A720AD80AB00088214 /* record_start@3x.png */; };
		CAB888E120AD80AB00088214 /* record_preview@2x.png in Resources */ = {isa = PBXBuildFile; fileRef = CAB888A820AD80AB00088214 /* record_preview@2x.png */; };
		CAB888E220AD80AB00088214 /* NLVideoRecordManager.m in Sources */ = {isa = PBXBuildFile; fileRef = CAB888AA20AD80AB00088214 /* NLVideoRecordManager.m */; };
		CAB888E320AD80AB00088214 /* NLRecordParam.m in Sources */ = {isa = PBXBuildFile; fileRef = CAB888AD20AD80AB00088214 /* NLRecordParam.m */; };
		CAB888E420AD80AB00088214 /* NLFileManager.m in Sources */ = {isa = PBXBuildFile; fileRef = CAB888AF20AD80AB00088214 /* NLFileManager.m */; };
		CAB888E520AD80AB00088214 /* NLVideoRecordViewController.m in Sources */ = {isa = PBXBuildFile; fileRef = CAB888B320AD80AB00088214 /* NLVideoRecordViewController.m */; };
		CAB888E620AD80AB00088214 /* NLVideoPreviewViewController.m in Sources */ = {isa = PBXBuildFile; fileRef = CAB888B420AD80AB00088214 /* NLVideoPreviewViewController.m */; };
		CAB888E720AD80AB00088214 /* NLTimeView.m in Sources */ = {isa = PBXBuildFile; fileRef = CAB888B720AD80AB00088214 /* NLTimeView.m */; };
		CAB888E820AD80AB00088214 /* NLBottomOptionsView.m in Sources */ = {isa = PBXBuildFile; fileRef = CAB888B820AD80AB00088214 /* NLBottomOptionsView.m */; };
		CAB888E920AD80AB00088214 /* NLLoadingView.m in Sources */ = {isa = PBXBuildFile; fileRef = CAB888B920AD80AB00088214 /* NLLoadingView.m */; };
		CAB888EA20AD80AB00088214 /* NLProgressView.m in Sources */ = {isa = PBXBuildFile; fileRef = CAB888BC20AD80AB00088214 /* NLProgressView.m */; };
		CAB888EB20AD80AB00088214 /* NLVideoPreviewView.m in Sources */ = {isa = PBXBuildFile; fileRef = CAB888BF20AD80AB00088214 /* NLVideoPreviewView.m */; };
		CAB888EC20AD80AB00088214 /* TBMoviePlayer.m in Sources */ = {isa = PBXBuildFile; fileRef = CAB888C220AD80AB00088214 /* TBMoviePlayer.m */; };
		CAB888ED20AD80AB00088214 /* NLVideoUploadManager.m in Sources */ = {isa = PBXBuildFile; fileRef = CAB888C620AD80AB00088214 /* NLVideoUploadManager.m */; };
		CAB888EE20AD80AB00088214 /* AFHTTPSessionManager+ShareSessionManager.m in Sources */ = {isa = PBXBuildFile; fileRef = CAB888C720AD80AB00088214 /* AFHTTPSessionManager+ShareSessionManager.m */; };
/* End PBXBuildFile section */

/* Begin PBXContainerItemProxy section */
		CA63E84A209C04E300090A20 /* PBXContainerItemProxy */ = {
			isa = PBXContainerItemProxy;
			containerPortal = CA63E829209C04E100090A20 /* Project object */;
			proxyType = 1;
			remoteGlobalIDString = CA63E830209C04E100090A20;
			remoteInfo = NLVideoPlayer;
		};
		CA63E855209C04E300090A20 /* PBXContainerItemProxy */ = {
			isa = PBXContainerItemProxy;
			containerPortal = CA63E829209C04E100090A20 /* Project object */;
			proxyType = 1;
			remoteGlobalIDString = CA63E830209C04E100090A20;
			remoteInfo = NLVideoPlayer;
		};
/* End PBXContainerItemProxy section */

/* Begin PBXFileReference section */
		A652C1371DDDEADFA7C7B220 /* libPods-NLVideoPlayer.a */ = {isa = PBXFileReference; explicitFileType = archive.ar; includeInIndex = 0; path = "libPods-NLVideoPlayer.a"; sourceTree = BUILT_PRODUCTS_DIR; };
		CA2B064B20B3E1DA007ADA30 /* NLWriterVideoRecordViewController.h */ = {isa = PBXFileReference; lastKnownFileType = sourcecode.c.h; path = NLWriterVideoRecordViewController.h; sourceTree = "<group>"; };
		CA2B064C20B3E1DA007ADA30 /* NLWriterVideoRecordViewController.m */ = {isa = PBXFileReference; lastKnownFileType = sourcecode.c.objc; path = NLWriterVideoRecordViewController.m; sourceTree = "<group>"; };
		CA2B064E20B3E29E007ADA30 /* NLWriterVideoRecordManager.h */ = {isa = PBXFileReference; lastKnownFileType = sourcecode.c.h; path = NLWriterVideoRecordManager.h; sourceTree = "<group>"; };
		CA2B064F20B3E29E007ADA30 /* NLWriterVideoRecordManager.m */ = {isa = PBXFileReference; lastKnownFileType = sourcecode.c.objc; path = NLWriterVideoRecordManager.m; sourceTree = "<group>"; };
		CA2B065420B4FB6D007ADA30 /* NLSettingView.h */ = {isa = PBXFileReference; lastKnownFileType = sourcecode.c.h; path = NLSettingView.h; sourceTree = "<group>"; };
		CA2B065520B4FB6D007ADA30 /* NLSettingView.m */ = {isa = PBXFileReference; lastKnownFileType = sourcecode.c.objc; path = NLSettingView.m; sourceTree = "<group>"; };
		CA2B065720B4FD42007ADA30 /* NLTopOptionsView.h */ = {isa = PBXFileReference; lastKnownFileType = sourcecode.c.h; path = NLTopOptionsView.h; sourceTree = "<group>"; };
		CA2B065820B4FD42007ADA30 /* NLTopOptionsView.m */ = {isa = PBXFileReference; lastKnownFileType = sourcecode.c.objc; path = NLTopOptionsView.m; sourceTree = "<group>"; };
		CA63E831209C04E100090A20 /* NLVideoPlayer.app */ = {isa = PBXFileReference; explicitFileType = wrapper.application; includeInIndex = 0; path = NLVideoPlayer.app; sourceTree = BUILT_PRODUCTS_DIR; };
		CA63E834209C04E100090A20 /* AppDelegate.h */ = {isa = PBXFileReference; lastKnownFileType = sourcecode.c.h; path = AppDelegate.h; sourceTree = "<group>"; };
		CA63E835209C04E100090A20 /* AppDelegate.m */ = {isa = PBXFileReference; lastKnownFileType = sourcecode.c.objc; path = AppDelegate.m; sourceTree = "<group>"; };
		CA63E837209C04E100090A20 /* ViewController.h */ = {isa = PBXFileReference; lastKnownFileType = sourcecode.c.h; path = ViewController.h; sourceTree = "<group>"; };
		CA63E838209C04E100090A20 /* ViewController.m */ = {isa = PBXFileReference; lastKnownFileType = sourcecode.c.objc; path = ViewController.m; sourceTree = "<group>"; };
		CA63E83B209C04E100090A20 /* Base */ = {isa = PBXFileReference; lastKnownFileType = file.storyboard; name = Base; path = Base.lproj/Main.storyboard; sourceTree = "<group>"; };
		CA63E83D209C04E300090A20 /* Assets.xcassets */ = {isa = PBXFileReference; lastKnownFileType = folder.assetcatalog; path = Assets.xcassets; sourceTree = "<group>"; };
		CA63E840209C04E300090A20 /* Base */ = {isa = PBXFileReference; lastKnownFileType = file.storyboard; name = Base; path = Base.lproj/LaunchScreen.storyboard; sourceTree = "<group>"; };
		CA63E842209C04E300090A20 /* Info.plist */ = {isa = PBXFileReference; lastKnownFileType = text.plist.xml; path = Info.plist; sourceTree = "<group>"; };
		CA63E843209C04E300090A20 /* main.m */ = {isa = PBXFileReference; lastKnownFileType = sourcecode.c.objc; path = main.m; sourceTree = "<group>"; };
		CA63E849209C04E300090A20 /* NLVideoPlayerTests.xctest */ = {isa = PBXFileReference; explicitFileType = wrapper.cfbundle; includeInIndex = 0; path = NLVideoPlayerTests.xctest; sourceTree = BUILT_PRODUCTS_DIR; };
		CA63E84D209C04E300090A20 /* NLVideoPlayerTests.m */ = {isa = PBXFileReference; lastKnownFileType = sourcecode.c.objc; path = NLVideoPlayerTests.m; sourceTree = "<group>"; };
		CA63E84F209C04E300090A20 /* Info.plist */ = {isa = PBXFileReference; lastKnownFileType = text.plist.xml; path = Info.plist; sourceTree = "<group>"; };
		CA63E854209C04E300090A20 /* NLVideoPlayerUITests.xctest */ = {isa = PBXFileReference; explicitFileType = wrapper.cfbundle; includeInIndex = 0; path = NLVideoPlayerUITests.xctest; sourceTree = BUILT_PRODUCTS_DIR; };
		CA63E858209C04E300090A20 /* NLVideoPlayerUITests.m */ = {isa = PBXFileReference; lastKnownFileType = sourcecode.c.objc; path = NLVideoPlayerUITests.m; sourceTree = "<group>"; };
		CA63E85A209C04E300090A20 /* Info.plist */ = {isa = PBXFileReference; lastKnownFileType = text.plist.xml; path = Info.plist; sourceTree = "<group>"; };
		CAB8889120AD80AB00088214 /* NLWaterMarkManager.m */ = {isa = PBXFileReference; fileEncoding = 4; lastKnownFileType = sourcecode.c.objc; path = NLWaterMarkManager.m; sourceTree = "<group>"; };
		CAB8889220AD80AB00088214 /* NLWaterMarkManager.h */ = {isa = PBXFileReference; fileEncoding = 4; lastKnownFileType = sourcecode.c.h; path = NLWaterMarkManager.h; sourceTree = "<group>"; };
		CAB8889520AD80AB00088214 /* record_close@3x.png */ = {isa = PBXFileReference; lastKnownFileType = image.png; path = "record_close@3x.png"; sourceTree = "<group>"; };
		CAB8889620AD80AB00088214 /* time_ sign@3x.png */ = {isa = PBXFileReference; lastKnownFileType = image.png; path = "time_ sign@3x.png"; sourceTree = "<group>"; };
		CAB8889720AD80AB00088214 /* time_sign@2x.png */ = {isa = PBXFileReference; lastKnownFileType = image.png; path = "time_sign@2x.png"; sourceTree = "<group>"; };
		CAB8889820AD80AB00088214 /* record_camera@2x.png */ = {isa = PBXFileReference; lastKnownFileType = image.png; path = "record_camera@2x.png"; sourceTree = "<group>"; };
		CAB8889920AD80AB00088214 /* record_camera@3x.png */ = {isa = PBXFileReference; lastKnownFileType = image.png; path = "record_camera@3x.png"; sourceTree = "<group>"; };
		CAB8889A20AD80AB00088214 /* record_close@2x.png */ = {isa = PBXFileReference; lastKnownFileType = image.png; path = "record_close@2x.png"; sourceTree = "<group>"; };
		CAB8889B20AD80AB00088214 /* record_light_auto@3x.png */ = {isa = PBXFileReference; lastKnownFileType = image.png; path = "record_light_auto@3x.png"; sourceTree = "<group>"; };
		CAB8889C20AD80AB00088214 /* record_light_off@3x.png */ = {isa = PBXFileReference; lastKnownFileType = image.png; path = "record_light_off@3x.png"; sourceTree = "<group>"; };
		CAB8889D20AD80AB00088214 /* record_light_off@2x.png */ = {isa = PBXFileReference; lastKnownFileType = image.png; path = "record_light_off@2x.png"; sourceTree = "<group>"; };
		CAB8889E20AD80AB00088214 /* record_light_auto@2x.png */ = {isa = PBXFileReference; lastKnownFileType = image.png; path = "record_light_auto@2x.png"; sourceTree = "<group>"; };
		CAB8889F20AD80AB00088214 /* record_light_on@2x.png */ = {isa = PBXFileReference; lastKnownFileType = image.png; path = "record_light_on@2x.png"; sourceTree = "<group>"; };
		CAB888A020AD80AB00088214 /* record_save@3x.png */ = {isa = PBXFileReference; lastKnownFileType = image.png; path = "record_save@3x.png"; sourceTree = "<group>"; };
		CAB888A120AD80AB00088214 /* record_cancle@3x.png */ = {isa = PBXFileReference; lastKnownFileType = image.png; path = "record_cancle@3x.png"; sourceTree = "<group>"; };
		CAB888A220AD80AB00088214 /* record_cancle@2x.png */ = {isa = PBXFileReference; lastKnownFileType = image.png; path = "record_cancle@2x.png"; sourceTree = "<group>"; };
		CAB888A320AD80AB00088214 /* record_save@2x.png */ = {isa = PBXFileReference; lastKnownFileType = image.png; path = "record_save@2x.png"; sourceTree = "<group>"; };
		CAB888A420AD80AB00088214 /* record_light_on@3x.png */ = {isa = PBXFileReference; lastKnownFileType = image.png; path = "record_light_on@3x.png"; sourceTree = "<group>"; };
		CAB888A520AD80AB00088214 /* record_preview@3x.png */ = {isa = PBXFileReference; lastKnownFileType = image.png; path = "record_preview@3x.png"; sourceTree = "<group>"; };
		CAB888A620AD80AB00088214 /* record_start@2x.png */ = {isa = PBXFileReference; lastKnownFileType = image.png; path = "record_start@2x.png"; sourceTree = "<group>"; };
		CAB888A720AD80AB00088214 /* record_start@3x.png */ = {isa = PBXFileReference; lastKnownFileType = image.png; path = "record_start@3x.png"; sourceTree = "<group>"; };
		CAB888A820AD80AB00088214 /* record_preview@2x.png */ = {isa = PBXFileReference; lastKnownFileType = image.png; path = "record_preview@2x.png"; sourceTree = "<group>"; };
		CAB888AA20AD80AB00088214 /* NLVideoRecordManager.m */ = {isa = PBXFileReference; fileEncoding = 4; lastKnownFileType = sourcecode.c.objc; path = NLVideoRecordManager.m; sourceTree = "<group>"; };
		CAB888AB20AD80AB00088214 /* NLRecordParam.h */ = {isa = PBXFileReference; fileEncoding = 4; lastKnownFileType = sourcecode.c.h; path = NLRecordParam.h; sourceTree = "<group>"; };
		CAB888AC20AD80AB00088214 /* NLFileManager.h */ = {isa = PBXFileReference; fileEncoding = 4; lastKnownFileType = sourcecode.c.h; path = NLFileManager.h; sourceTree = "<group>"; };
		CAB888AD20AD80AB00088214 /* NLRecordParam.m */ = {isa = PBXFileReference; fileEncoding = 4; lastKnownFileType = sourcecode.c.objc; path = NLRecordParam.m; sourceTree = "<group>"; };
		CAB888AE20AD80AB00088214 /* NLVideoRecordManager.h */ = {isa = PBXFileReference; fileEncoding = 4; lastKnownFileType = sourcecode.c.h; path = NLVideoRecordManager.h; sourceTree = "<group>"; };
		CAB888AF20AD80AB00088214 /* NLFileManager.m */ = {isa = PBXFileReference; fileEncoding = 4; lastKnownFileType = sourcecode.c.objc; path = NLFileManager.m; sourceTree = "<group>"; };
		CAB888B120AD80AB00088214 /* NLVideoPreviewViewController.h */ = {isa = PBXFileReference; fileEncoding = 4; lastKnownFileType = sourcecode.c.h; path = NLVideoPreviewViewController.h; sourceTree = "<group>"; };
		CAB888B220AD80AB00088214 /* NLVideoRecordViewController.h */ = {isa = PBXFileReference; fileEncoding = 4; lastKnownFileType = sourcecode.c.h; path = NLVideoRecordViewController.h; sourceTree = "<group>"; };
		CAB888B320AD80AB00088214 /* NLVideoRecordViewController.m */ = {isa = PBXFileReference; fileEncoding = 4; lastKnownFileType = sourcecode.c.objc; path = NLVideoRecordViewController.m; sourceTree = "<group>"; };
		CAB888B420AD80AB00088214 /* NLVideoPreviewViewController.m */ = {isa = PBXFileReference; fileEncoding = 4; lastKnownFileType = sourcecode.c.objc; path = NLVideoPreviewViewController.m; sourceTree = "<group>"; };
		CAB888B620AD80AB00088214 /* NLProgressView.h */ = {isa = PBXFileReference; fileEncoding = 4; lastKnownFileType = sourcecode.c.h; path = NLProgressView.h; sourceTree = "<group>"; };
		CAB888B720AD80AB00088214 /* NLTimeView.m */ = {isa = PBXFileReference; fileEncoding = 4; lastKnownFileType = sourcecode.c.objc; path = NLTimeView.m; sourceTree = "<group>"; };
		CAB888B820AD80AB00088214 /* NLBottomOptionsView.m */ = {isa = PBXFileReference; fileEncoding = 4; lastKnownFileType = sourcecode.c.objc; path = NLBottomOptionsView.m; sourceTree = "<group>"; };
		CAB888B920AD80AB00088214 /* NLLoadingView.m */ = {isa = PBXFileReference; fileEncoding = 4; lastKnownFileType = sourcecode.c.objc; path = NLLoadingView.m; sourceTree = "<group>"; };
		CAB888BA20AD80AB00088214 /* NLVideoPreviewView.h */ = {isa = PBXFileReference; fileEncoding = 4; lastKnownFileType = sourcecode.c.h; path = NLVideoPreviewView.h; sourceTree = "<group>"; };
		CAB888BB20AD80AB00088214 /* NLTimeView.h */ = {isa = PBXFileReference; fileEncoding = 4; lastKnownFileType = sourcecode.c.h; path = NLTimeView.h; sourceTree = "<group>"; };
		CAB888BC20AD80AB00088214 /* NLProgressView.m */ = {isa = PBXFileReference; fileEncoding = 4; lastKnownFileType = sourcecode.c.objc; path = NLProgressView.m; sourceTree = "<group>"; };
		CAB888BD20AD80AB00088214 /* NLBottomOptionsView.h */ = {isa = PBXFileReference; fileEncoding = 4; lastKnownFileType = sourcecode.c.h; path = NLBottomOptionsView.h; sourceTree = "<group>"; };
		CAB888BE20AD80AB00088214 /* NLLoadingView.h */ = {isa = PBXFileReference; fileEncoding = 4; lastKnownFileType = sourcecode.c.h; path = NLLoadingView.h; sourceTree = "<group>"; };
		CAB888BF20AD80AB00088214 /* NLVideoPreviewView.m */ = {isa = PBXFileReference; fileEncoding = 4; lastKnownFileType = sourcecode.c.objc; path = NLVideoPreviewView.m; sourceTree = "<group>"; };
		CAB888C220AD80AB00088214 /* TBMoviePlayer.m */ = {isa = PBXFileReference; fileEncoding = 4; lastKnownFileType = sourcecode.c.objc; path = TBMoviePlayer.m; sourceTree = "<group>"; };
		CAB888C320AD80AB00088214 /* TBMoviePlayer.h */ = {isa = PBXFileReference; fileEncoding = 4; lastKnownFileType = sourcecode.c.h; path = TBMoviePlayer.h; sourceTree = "<group>"; };
		CAB888C620AD80AB00088214 /* NLVideoUploadManager.m */ = {isa = PBXFileReference; fileEncoding = 4; lastKnownFileType = sourcecode.c.objc; path = NLVideoUploadManager.m; sourceTree = "<group>"; };
		CAB888C720AD80AB00088214 /* AFHTTPSessionManager+ShareSessionManager.m */ = {isa = PBXFileReference; fileEncoding = 4; lastKnownFileType = sourcecode.c.objc; path = "AFHTTPSessionManager+ShareSessionManager.m"; sourceTree = "<group>"; };
		CAB888C820AD80AB00088214 /* AFHTTPSessionManager+ShareSessionManager.h */ = {isa = PBXFileReference; fileEncoding = 4; lastKnownFileType = sourcecode.c.h; path = "AFHTTPSessionManager+ShareSessionManager.h"; sourceTree = "<group>"; };
		CAB888C920AD80AB00088214 /* NLVideoUploadManager.h */ = {isa = PBXFileReference; fileEncoding = 4; lastKnownFileType = sourcecode.c.h; path = NLVideoUploadManager.h; sourceTree = "<group>"; };
		CAB888CB20AD80AB00088214 /* NLConfigure.h */ = {isa = PBXFileReference; fileEncoding = 4; lastKnownFileType = sourcecode.c.h; path = NLConfigure.h; sourceTree = "<group>"; };
		CAB888CC20AD80AB00088214 /* NLVideoPlayer.h */ = {isa = PBXFileReference; fileEncoding = 4; lastKnownFileType = sourcecode.c.h; path = NLVideoPlayer.h; sourceTree = "<group>"; };
		DA637E8D35030DE7336E3EB8 /* Pods-NLVideoPlayer.debug.xcconfig */ = {isa = PBXFileReference; includeInIndex = 1; lastKnownFileType = text.xcconfig; name = "Pods-NLVideoPlayer.debug.xcconfig"; path = "Pods/Target Support Files/Pods-NLVideoPlayer/Pods-NLVideoPlayer.debug.xcconfig"; sourceTree = "<group>"; };
		DE5AAC144CE21BB1C03685B1 /* Pods-NLVideoPlayer.release.xcconfig */ = {isa = PBXFileReference; includeInIndex = 1; lastKnownFileType = text.xcconfig; name = "Pods-NLVideoPlayer.release.xcconfig"; path = "Pods/Target Support Files/Pods-NLVideoPlayer/Pods-NLVideoPlayer.release.xcconfig"; sourceTree = "<group>"; };
/* End PBXFileReference section */

/* Begin PBXFrameworksBuildPhase section */
		CA63E82E209C04E100090A20 /* Frameworks */ = {
			isa = PBXFrameworksBuildPhase;
			buildActionMask = 2147483647;
			files = (
				928B2EA867ECFA7DE80188F0 /* libPods-NLVideoPlayer.a in Frameworks */,
			);
			runOnlyForDeploymentPostprocessing = 0;
		};
		CA63E846209C04E300090A20 /* Frameworks */ = {
			isa = PBXFrameworksBuildPhase;
			buildActionMask = 2147483647;
			files = (
			);
			runOnlyForDeploymentPostprocessing = 0;
		};
		CA63E851209C04E300090A20 /* Frameworks */ = {
			isa = PBXFrameworksBuildPhase;
			buildActionMask = 2147483647;
			files = (
			);
			runOnlyForDeploymentPostprocessing = 0;
		};
/* End PBXFrameworksBuildPhase section */

/* Begin PBXGroup section */
		1ACEF83E1FEB73FF69AC1D3C /* Pods */ = {
			isa = PBXGroup;
			children = (
				DA637E8D35030DE7336E3EB8 /* Pods-NLVideoPlayer.debug.xcconfig */,
				DE5AAC144CE21BB1C03685B1 /* Pods-NLVideoPlayer.release.xcconfig */,
			);
			name = Pods;
			sourceTree = "<group>";
		};
		7AEFCE84CF3545FCC4539FB9 /* Frameworks */ = {
			isa = PBXGroup;
			children = (
				A652C1371DDDEADFA7C7B220 /* libPods-NLVideoPlayer.a */,
			);
			name = Frameworks;
			sourceTree = "<group>";
		};
		CA40D3C120B7A773001CDE98 /* NLFileOut */ = {
			isa = PBXGroup;
			children = (
				CAB888AE20AD80AB00088214 /* NLVideoRecordManager.h */,
				CAB888AA20AD80AB00088214 /* NLVideoRecordManager.m */,
			);
			path = NLFileOut;
			sourceTree = "<group>";
		};
		CA40D3C220B7A78D001CDE98 /* NLWriter */ = {
			isa = PBXGroup;
			children = (
				CA2B064E20B3E29E007ADA30 /* NLWriterVideoRecordManager.h */,
				CA2B064F20B3E29E007ADA30 /* NLWriterVideoRecordManager.m */,
			);
			path = NLWriter;
			sourceTree = "<group>";
		};
		CA40D3C320B7A7B8001CDE98 /* FileOut */ = {
			isa = PBXGroup;
			children = (
				CAB888B220AD80AB00088214 /* NLVideoRecordViewController.h */,
				CAB888B320AD80AB00088214 /* NLVideoRecordViewController.m */,
			);
			path = FileOut;
			sourceTree = "<group>";
		};
		CA40D3C420B7A7C6001CDE98 /* Writer */ = {
			isa = PBXGroup;
			children = (
				CA2B064B20B3E1DA007ADA30 /* NLWriterVideoRecordViewController.h */,
				CA2B064C20B3E1DA007ADA30 /* NLWriterVideoRecordViewController.m */,
			);
			path = Writer;
			sourceTree = "<group>";
		};
		CA63E828209C04E100090A20 = {
			isa = PBXGroup;
			children = (
				CA63E833209C04E100090A20 /* NLVideoPlayer */,
				CA63E84C209C04E300090A20 /* NLVideoPlayerTests */,
				CA63E857209C04E300090A20 /* NLVideoPlayerUITests */,
				CA63E832209C04E100090A20 /* Products */,
				1ACEF83E1FEB73FF69AC1D3C /* Pods */,
				7AEFCE84CF3545FCC4539FB9 /* Frameworks */,
			);
			sourceTree = "<group>";
		};
		CA63E832209C04E100090A20 /* Products */ = {
			isa = PBXGroup;
			children = (
				CA63E831209C04E100090A20 /* NLVideoPlayer.app */,
				CA63E849209C04E300090A20 /* NLVideoPlayerTests.xctest */,
				CA63E854209C04E300090A20 /* NLVideoPlayerUITests.xctest */,
			);
			name = Products;
			sourceTree = "<group>";
		};
		CA63E833209C04E100090A20 /* NLVideoPlayer */ = {
			isa = PBXGroup;
			children = (
				CAB8875D20AAAB3600088214 /* Video(视频) */,
				CA63E834209C04E100090A20 /* AppDelegate.h */,
				CA63E835209C04E100090A20 /* AppDelegate.m */,
				CA63E837209C04E100090A20 /* ViewController.h */,
				CA63E838209C04E100090A20 /* ViewController.m */,
				CA63E83A209C04E100090A20 /* Main.storyboard */,
				CA63E83D209C04E300090A20 /* Assets.xcassets */,
				CA63E83F209C04E300090A20 /* LaunchScreen.storyboard */,
				CA63E842209C04E300090A20 /* Info.plist */,
				CA63E843209C04E300090A20 /* main.m */,
			);
			path = NLVideoPlayer;
			sourceTree = "<group>";
		};
		CA63E84C209C04E300090A20 /* NLVideoPlayerTests */ = {
			isa = PBXGroup;
			children = (
				CA63E84D209C04E300090A20 /* NLVideoPlayerTests.m */,
				CA63E84F209C04E300090A20 /* Info.plist */,
			);
			path = NLVideoPlayerTests;
			sourceTree = "<group>";
		};
		CA63E857209C04E300090A20 /* NLVideoPlayerUITests */ = {
			isa = PBXGroup;
			children = (
				CA63E858209C04E300090A20 /* NLVideoPlayerUITests.m */,
				CA63E85A209C04E300090A20 /* Info.plist */,
			);
			path = NLVideoPlayerUITests;
			sourceTree = "<group>";
		};
		CAB8875D20AAAB3600088214 /* Video(视频) */ = {
			isa = PBXGroup;
			children = (
				CAB888CA20AD80AB00088214 /* VideoConfigure(配置文件) */,
				CAB8888F20AD80AB00088214 /* VideoEdit(视频编辑) */,
				CAB888C020AD80AB00088214 /* VideoPalyer(视频播放) */,
				CAB8889320AD80AB00088214 /* VideoRecord(视频录制) */,
				CAB888C420AD80AB00088214 /* VideoUpload(视频上传) */,
			);
			path = "Video(视频)";
			sourceTree = "<group>";
		};
		CAB8888F20AD80AB00088214 /* VideoEdit(视频编辑) */ = {
			isa = PBXGroup;
			children = (
				CAB8889020AD80AB00088214 /* WaterMarkManager */,
			);
			path = "VideoEdit(视频编辑)";
			sourceTree = "<group>";
		};
		CAB8889020AD80AB00088214 /* WaterMarkManager */ = {
			isa = PBXGroup;
			children = (
				CAB8889220AD80AB00088214 /* NLWaterMarkManager.h */,
				CAB8889120AD80AB00088214 /* NLWaterMarkManager.m */,
			);
			path = WaterMarkManager;
			sourceTree = "<group>";
		};
		CAB8889320AD80AB00088214 /* VideoRecord(视频录制) */ = {
			isa = PBXGroup;
			children = (
				CAB8889420AD80AB00088214 /* Images */,
				CAB888A920AD80AB00088214 /* RecordManager */,
				CAB888B020AD80AB00088214 /* Controller */,
				CAB888B520AD80AB00088214 /* View */,
			);
			path = "VideoRecord(视频录制)";
			sourceTree = "<group>";
		};
		CAB8889420AD80AB00088214 /* Images */ = {
			isa = PBXGroup;
			children = (
				CAB8889520AD80AB00088214 /* record_close@3x.png */,
				CAB8889620AD80AB00088214 /* time_ sign@3x.png */,
				CAB8889720AD80AB00088214 /* time_sign@2x.png */,
				CAB8889820AD80AB00088214 /* record_camera@2x.png */,
				CAB8889920AD80AB00088214 /* record_camera@3x.png */,
				CAB8889A20AD80AB00088214 /* record_close@2x.png */,
				CAB8889B20AD80AB00088214 /* record_light_auto@3x.png */,
				CAB8889C20AD80AB00088214 /* record_light_off@3x.png */,
				CAB8889D20AD80AB00088214 /* record_light_off@2x.png */,
				CAB8889E20AD80AB00088214 /* record_light_auto@2x.png */,
				CAB8889F20AD80AB00088214 /* record_light_on@2x.png */,
				CAB888A020AD80AB00088214 /* record_save@3x.png */,
				CAB888A120AD80AB00088214 /* record_cancle@3x.png */,
				CAB888A220AD80AB00088214 /* record_cancle@2x.png */,
				CAB888A320AD80AB00088214 /* record_save@2x.png */,
				CAB888A420AD80AB00088214 /* record_light_on@3x.png */,
				CAB888A520AD80AB00088214 /* record_preview@3x.png */,
				CAB888A620AD80AB00088214 /* record_start@2x.png */,
				CAB888A720AD80AB00088214 /* record_start@3x.png */,
				CAB888A820AD80AB00088214 /* record_preview@2x.png */,
			);
			path = Images;
			sourceTree = "<group>";
		};
		CAB888A920AD80AB00088214 /* RecordManager */ = {
			isa = PBXGroup;
			children = (
				CAB888AC20AD80AB00088214 /* NLFileManager.h */,
				CAB888AF20AD80AB00088214 /* NLFileManager.m */,
				CAB888AB20AD80AB00088214 /* NLRecordParam.h */,
				CAB888AD20AD80AB00088214 /* NLRecordParam.m */,
				CA40D3C220B7A78D001CDE98 /* NLWriter */,
				CA40D3C120B7A773001CDE98 /* NLFileOut */,
			);
			path = RecordManager;
			sourceTree = "<group>";
		};
		CAB888B020AD80AB00088214 /* Controller */ = {
			isa = PBXGroup;
			children = (
				CAB888B120AD80AB00088214 /* NLVideoPreviewViewController.h */,
				CAB888B420AD80AB00088214 /* NLVideoPreviewViewController.m */,
				CA40D3C420B7A7C6001CDE98 /* Writer */,
				CA40D3C320B7A7B8001CDE98 /* FileOut */,
			);
			path = Controller;
			sourceTree = "<group>";
		};
		CAB888B520AD80AB00088214 /* View */ = {
			isa = PBXGroup;
			children = (
				CAB888BD20AD80AB00088214 /* NLBottomOptionsView.h */,
				CAB888B820AD80AB00088214 /* NLBottomOptionsView.m */,
				CA2B065720B4FD42007ADA30 /* NLTopOptionsView.h */,
				CA2B065820B4FD42007ADA30 /* NLTopOptionsView.m */,
				CAB888BE20AD80AB00088214 /* NLLoadingView.h */,
				CAB888B920AD80AB00088214 /* NLLoadingView.m */,
				CAB888B620AD80AB00088214 /* NLProgressView.h */,
				CAB888BC20AD80AB00088214 /* NLProgressView.m */,
				CAB888BB20AD80AB00088214 /* NLTimeView.h */,
				CAB888B720AD80AB00088214 /* NLTimeView.m */,
				CAB888BA20AD80AB00088214 /* NLVideoPreviewView.h */,
				CAB888BF20AD80AB00088214 /* NLVideoPreviewView.m */,
				CA2B065420B4FB6D007ADA30 /* NLSettingView.h */,
				CA2B065520B4FB6D007ADA30 /* NLSettingView.m */,
			);
			path = View;
			sourceTree = "<group>";
		};
		CAB888C020AD80AB00088214 /* VideoPalyer(视频播放) */ = {
			isa = PBXGroup;
			children = (
				CAB888C120AD80AB00088214 /* PlayerManager */,
			);
			path = "VideoPalyer(视频播放)";
			sourceTree = "<group>";
		};
		CAB888C120AD80AB00088214 /* PlayerManager */ = {
			isa = PBXGroup;
			children = (
				CAB888C220AD80AB00088214 /* TBMoviePlayer.m */,
				CAB888C320AD80AB00088214 /* TBMoviePlayer.h */,
			);
			path = PlayerManager;
			sourceTree = "<group>";
		};
		CAB888C420AD80AB00088214 /* VideoUpload(视频上传) */ = {
			isa = PBXGroup;
			children = (
				CAB888C520AD80AB00088214 /* UploadManager */,
			);
			path = "VideoUpload(视频上传)";
			sourceTree = "<group>";
		};
		CAB888C520AD80AB00088214 /* UploadManager */ = {
			isa = PBXGroup;
			children = (
				CAB888C820AD80AB00088214 /* AFHTTPSessionManager+ShareSessionManager.h */,
				CAB888C720AD80AB00088214 /* AFHTTPSessionManager+ShareSessionManager.m */,
				CAB888C920AD80AB00088214 /* NLVideoUploadManager.h */,
				CAB888C620AD80AB00088214 /* NLVideoUploadManager.m */,
			);
			path = UploadManager;
			sourceTree = "<group>";
		};
		CAB888CA20AD80AB00088214 /* VideoConfigure(配置文件) */ = {
			isa = PBXGroup;
			children = (
				CAB888CB20AD80AB00088214 /* NLConfigure.h */,
				CAB888CC20AD80AB00088214 /* NLVideoPlayer.h */,
			);
			path = "VideoConfigure(配置文件)";
			sourceTree = "<group>";
		};
/* End PBXGroup section */

/* Begin PBXNativeTarget section */
		CA63E830209C04E100090A20 /* NLVideoPlayer */ = {
			isa = PBXNativeTarget;
			buildConfigurationList = CA63E85D209C04E300090A20 /* Build configuration list for PBXNativeTarget "NLVideoPlayer" */;
			buildPhases = (
				2A2F7294B9A4020706C8FD9D /* [CP] Check Pods Manifest.lock */,
				CA63E82D209C04E100090A20 /* Sources */,
				CA63E82E209C04E100090A20 /* Frameworks */,
				CA63E82F209C04E100090A20 /* Resources */,
				2052AD0F54BBB0E04762C8DC /* [CP] Copy Pods Resources */,
			);
			buildRules = (
			);
			dependencies = (
			);
			name = NLVideoPlayer;
			productName = NLVideoPlayer;
			productReference = CA63E831209C04E100090A20 /* NLVideoPlayer.app */;
			productType = "com.apple.product-type.application";
		};
		CA63E848209C04E300090A20 /* NLVideoPlayerTests */ = {
			isa = PBXNativeTarget;
			buildConfigurationList = CA63E860209C04E300090A20 /* Build configuration list for PBXNativeTarget "NLVideoPlayerTests" */;
			buildPhases = (
				CA63E845209C04E300090A20 /* Sources */,
				CA63E846209C04E300090A20 /* Frameworks */,
				CA63E847209C04E300090A20 /* Resources */,
			);
			buildRules = (
			);
			dependencies = (
				CA63E84B209C04E300090A20 /* PBXTargetDependency */,
			);
			name = NLVideoPlayerTests;
			productName = NLVideoPlayerTests;
			productReference = CA63E849209C04E300090A20 /* NLVideoPlayerTests.xctest */;
			productType = "com.apple.product-type.bundle.unit-test";
		};
		CA63E853209C04E300090A20 /* NLVideoPlayerUITests */ = {
			isa = PBXNativeTarget;
			buildConfigurationList = CA63E863209C04E300090A20 /* Build configuration list for PBXNativeTarget "NLVideoPlayerUITests" */;
			buildPhases = (
				CA63E850209C04E300090A20 /* Sources */,
				CA63E851209C04E300090A20 /* Frameworks */,
				CA63E852209C04E300090A20 /* Resources */,
			);
			buildRules = (
			);
			dependencies = (
				CA63E856209C04E300090A20 /* PBXTargetDependency */,
			);
			name = NLVideoPlayerUITests;
			productName = NLVideoPlayerUITests;
			productReference = CA63E854209C04E300090A20 /* NLVideoPlayerUITests.xctest */;
			productType = "com.apple.product-type.bundle.ui-testing";
		};
/* End PBXNativeTarget section */

/* Begin PBXProject section */
		CA63E829209C04E100090A20 /* Project object */ = {
			isa = PBXProject;
			attributes = {
				LastUpgradeCheck = 0930;
				ORGANIZATIONNAME = yj_zhang;
				TargetAttributes = {
					CA63E830209C04E100090A20 = {
						CreatedOnToolsVersion = 9.3;
					};
					CA63E848209C04E300090A20 = {
						CreatedOnToolsVersion = 9.3;
						TestTargetID = CA63E830209C04E100090A20;
					};
					CA63E853209C04E300090A20 = {
						CreatedOnToolsVersion = 9.3;
						TestTargetID = CA63E830209C04E100090A20;
					};
				};
			};
			buildConfigurationList = CA63E82C209C04E100090A20 /* Build configuration list for PBXProject "NLVideoPlayer" */;
			compatibilityVersion = "Xcode 9.3";
			developmentRegion = en;
			hasScannedForEncodings = 0;
			knownRegions = (
				en,
				Base,
			);
			mainGroup = CA63E828209C04E100090A20;
			productRefGroup = CA63E832209C04E100090A20 /* Products */;
			projectDirPath = "";
			projectRoot = "";
			targets = (
				CA63E830209C04E100090A20 /* NLVideoPlayer */,
				CA63E848209C04E300090A20 /* NLVideoPlayerTests */,
				CA63E853209C04E300090A20 /* NLVideoPlayerUITests */,
			);
		};
/* End PBXProject section */

/* Begin PBXResourcesBuildPhase section */
		CA63E82F209C04E100090A20 /* Resources */ = {
			isa = PBXResourcesBuildPhase;
			buildActionMask = 2147483647;
			files = (
				CAB888D020AD80AB00088214 /* time_sign@2x.png in Resources */,
				CAB888DB20AD80AB00088214 /* record_cancle@2x.png in Resources */,
				CAB888DD20AD80AB00088214 /* record_light_on@3x.png in Resources */,
				CAB888E020AD80AB00088214 /* record_start@3x.png in Resources */,
				CAB888D220AD80AB00088214 /* record_camera@3x.png in Resources */,
				CA63E841209C04E300090A20 /* LaunchScreen.storyboard in Resources */,
				CAB888D320AD80AB00088214 /* record_close@2x.png in Resources */,
				CAB888D920AD80AB00088214 /* record_save@3x.png in Resources */,
				CAB888D620AD80AB00088214 /* record_light_off@2x.png in Resources */,
				CAB888E120AD80AB00088214 /* record_preview@2x.png in Resources */,
				CAB888DA20AD80AB00088214 /* record_cancle@3x.png in Resources */,
				CAB888DF20AD80AB00088214 /* record_start@2x.png in Resources */,
				CAB888D720AD80AB00088214 /* record_light_auto@2x.png in Resources */,
				CAB888CE20AD80AB00088214 /* record_close@3x.png in Resources */,
				CAB888D520AD80AB00088214 /* record_light_off@3x.png in Resources */,
				CAB888CF20AD80AB00088214 /* time_ sign@3x.png in Resources */,
				CAB888DC20AD80AB00088214 /* record_save@2x.png in Resources */,
				CAB888D420AD80AB00088214 /* record_light_auto@3x.png in Resources */,
				CAB888DE20AD80AB00088214 /* record_preview@3x.png in Resources */,
				CAB888D120AD80AB00088214 /* record_camera@2x.png in Resources */,
				CAB888D820AD80AB00088214 /* record_light_on@2x.png in Resources */,
				CA63E83E209C04E300090A20 /* Assets.xcassets in Resources */,
				CA63E83C209C04E100090A20 /* Main.storyboard in Resources */,
			);
			runOnlyForDeploymentPostprocessing = 0;
		};
		CA63E847209C04E300090A20 /* Resources */ = {
			isa = PBXResourcesBuildPhase;
			buildActionMask = 2147483647;
			files = (
			);
			runOnlyForDeploymentPostprocessing = 0;
		};
		CA63E852209C04E300090A20 /* Resources */ = {
			isa = PBXResourcesBuildPhase;
			buildActionMask = 2147483647;
			files = (
			);
			runOnlyForDeploymentPostprocessing = 0;
		};
/* End PBXResourcesBuildPhase section */

/* Begin PBXShellScriptBuildPhase section */
		2052AD0F54BBB0E04762C8DC /* [CP] Copy Pods Resources */ = {
			isa = PBXShellScriptBuildPhase;
			buildActionMask = 2147483647;
			files = (
			);
			inputPaths = (
				"${SRCROOT}/Pods/Target Support Files/Pods-NLVideoPlayer/Pods-NLVideoPlayer-resources.sh",
				"${PODS_ROOT}/ZFPlayer/ZFPlayer/ZFPlayer.bundle",
			);
			name = "[CP] Copy Pods Resources";
			outputPaths = (
				"${TARGET_BUILD_DIR}/${UNLOCALIZED_RESOURCES_FOLDER_PATH}/ZFPlayer.bundle",
			);
			runOnlyForDeploymentPostprocessing = 0;
			shellPath = /bin/sh;
			shellScript = "\"${SRCROOT}/Pods/Target Support Files/Pods-NLVideoPlayer/Pods-NLVideoPlayer-resources.sh\"\n";
			showEnvVarsInLog = 0;
		};
		2A2F7294B9A4020706C8FD9D /* [CP] Check Pods Manifest.lock */ = {
			isa = PBXShellScriptBuildPhase;
			buildActionMask = 2147483647;
			files = (
			);
			inputPaths = (
				"${PODS_PODFILE_DIR_PATH}/Podfile.lock",
				"${PODS_ROOT}/Manifest.lock",
			);
			name = "[CP] Check Pods Manifest.lock";
			outputPaths = (
				"$(DERIVED_FILE_DIR)/Pods-NLVideoPlayer-checkManifestLockResult.txt",
			);
			runOnlyForDeploymentPostprocessing = 0;
			shellPath = /bin/sh;
			shellScript = "diff \"${PODS_PODFILE_DIR_PATH}/Podfile.lock\" \"${PODS_ROOT}/Manifest.lock\" > /dev/null\nif [ $? != 0 ] ; then\n    # print error to STDERR\n    echo \"error: The sandbox is not in sync with the Podfile.lock. Run 'pod install' or update your CocoaPods installation.\" >&2\n    exit 1\nfi\n# This output is used by Xcode 'outputs' to avoid re-running this script phase.\necho \"SUCCESS\" > \"${SCRIPT_OUTPUT_FILE_0}\"\n";
			showEnvVarsInLog = 0;
		};
/* End PBXShellScriptBuildPhase section */

/* Begin PBXSourcesBuildPhase section */
		CA63E82D209C04E100090A20 /* Sources */ = {
			isa = PBXSourcesBuildPhase;
			buildActionMask = 2147483647;
			files = (
				CA2B064D20B3E1DA007ADA30 /* NLWriterVideoRecordViewController.m in Sources */,
				CA63E839209C04E100090A20 /* ViewController.m in Sources */,
				CAB888EB20AD80AB00088214 /* NLVideoPreviewView.m in Sources */,
				CA2B065620B4FB6D007ADA30 /* NLSettingView.m in Sources */,
				CAB888ED20AD80AB00088214 /* NLVideoUploadManager.m in Sources */,
				CAB888E920AD80AB00088214 /* NLLoadingView.m in Sources */,
				CAB888E220AD80AB00088214 /* NLVideoRecordManager.m in Sources */,
				CAB888E320AD80AB00088214 /* NLRecordParam.m in Sources */,
				CAB888E720AD80AB00088214 /* NLTimeView.m in Sources */,
				CA63E844209C04E300090A20 /* main.m in Sources */,
				CAB888EC20AD80AB00088214 /* TBMoviePlayer.m in Sources */,
				CAB888E620AD80AB00088214 /* NLVideoPreviewViewController.m in Sources */,
				CAB888E820AD80AB00088214 /* NLBottomOptionsView.m in Sources */,
				CAB888EA20AD80AB00088214 /* NLProgressView.m in Sources */,
				CAB888CD20AD80AB00088214 /* NLWaterMarkManager.m in Sources */,
				CA2B065020B3E29E007ADA30 /* NLWriterVideoRecordManager.m in Sources */,
				CA2B065920B4FD42007ADA30 /* NLTopOptionsView.m in Sources */,
				CAB888E420AD80AB00088214 /* NLFileManager.m in Sources */,
				CAB888EE20AD80AB00088214 /* AFHTTPSessionManager+ShareSessionManager.m in Sources */,
				CA63E836209C04E100090A20 /* AppDelegate.m in Sources */,
				CAB888E520AD80AB00088214 /* NLVideoRecordViewController.m in Sources */,
			);
			runOnlyForDeploymentPostprocessing = 0;
		};
		CA63E845209C04E300090A20 /* Sources */ = {
			isa = PBXSourcesBuildPhase;
			buildActionMask = 2147483647;
			files = (
				CA63E84E209C04E300090A20 /* NLVideoPlayerTests.m in Sources */,
			);
			runOnlyForDeploymentPostprocessing = 0;
		};
		CA63E850209C04E300090A20 /* Sources */ = {
			isa = PBXSourcesBuildPhase;
			buildActionMask = 2147483647;
			files = (
				CA63E859209C04E300090A20 /* NLVideoPlayerUITests.m in Sources */,
			);
			runOnlyForDeploymentPostprocessing = 0;
		};
/* End PBXSourcesBuildPhase section */

/* Begin PBXTargetDependency section */
		CA63E84B209C04E300090A20 /* PBXTargetDependency */ = {
			isa = PBXTargetDependency;
			target = CA63E830209C04E100090A20 /* NLVideoPlayer */;
			targetProxy = CA63E84A209C04E300090A20 /* PBXContainerItemProxy */;
		};
		CA63E856209C04E300090A20 /* PBXTargetDependency */ = {
			isa = PBXTargetDependency;
			target = CA63E830209C04E100090A20 /* NLVideoPlayer */;
			targetProxy = CA63E855209C04E300090A20 /* PBXContainerItemProxy */;
		};
/* End PBXTargetDependency section */

/* Begin PBXVariantGroup section */
		CA63E83A209C04E100090A20 /* Main.storyboard */ = {
			isa = PBXVariantGroup;
			children = (
				CA63E83B209C04E100090A20 /* Base */,
			);
			name = Main.storyboard;
			sourceTree = "<group>";
		};
		CA63E83F209C04E300090A20 /* LaunchScreen.storyboard */ = {
			isa = PBXVariantGroup;
			children = (
				CA63E840209C04E300090A20 /* Base */,
			);
			name = LaunchScreen.storyboard;
			sourceTree = "<group>";
		};
/* End PBXVariantGroup section */

/* Begin XCBuildConfiguration section */
		CA63E85B209C04E300090A20 /* Debug */ = {
			isa = XCBuildConfiguration;
			buildSettings = {
				ALWAYS_SEARCH_USER_PATHS = NO;
				CLANG_ANALYZER_NONNULL = YES;
				CLANG_ANALYZER_NUMBER_OBJECT_CONVERSION = YES_AGGRESSIVE;
				CLANG_CXX_LANGUAGE_STANDARD = "gnu++14";
				CLANG_CXX_LIBRARY = "libc++";
				CLANG_ENABLE_MODULES = YES;
				CLANG_ENABLE_OBJC_ARC = YES;
				CLANG_ENABLE_OBJC_WEAK = YES;
				CLANG_WARN_BLOCK_CAPTURE_AUTORELEASING = YES;
				CLANG_WARN_BOOL_CONVERSION = YES;
				CLANG_WARN_COMMA = YES;
				CLANG_WARN_CONSTANT_CONVERSION = YES;
				CLANG_WARN_DEPRECATED_OBJC_IMPLEMENTATIONS = YES;
				CLANG_WARN_DIRECT_OBJC_ISA_USAGE = YES_ERROR;
				CLANG_WARN_DOCUMENTATION_COMMENTS = YES;
				CLANG_WARN_EMPTY_BODY = YES;
				CLANG_WARN_ENUM_CONVERSION = YES;
				CLANG_WARN_INFINITE_RECURSION = YES;
				CLANG_WARN_INT_CONVERSION = YES;
				CLANG_WARN_NON_LITERAL_NULL_CONVERSION = YES;
				CLANG_WARN_OBJC_IMPLICIT_RETAIN_SELF = YES;
				CLANG_WARN_OBJC_LITERAL_CONVERSION = YES;
				CLANG_WARN_OBJC_ROOT_CLASS = YES_ERROR;
				CLANG_WARN_RANGE_LOOP_ANALYSIS = YES;
				CLANG_WARN_STRICT_PROTOTYPES = YES;
				CLANG_WARN_SUSPICIOUS_MOVE = YES;
				CLANG_WARN_UNGUARDED_AVAILABILITY = YES_AGGRESSIVE;
				CLANG_WARN_UNREACHABLE_CODE = YES;
				CLANG_WARN__DUPLICATE_METHOD_MATCH = YES;
				CODE_SIGN_IDENTITY = "iPhone Developer";
				COPY_PHASE_STRIP = NO;
				DEBUG_INFORMATION_FORMAT = dwarf;
				ENABLE_STRICT_OBJC_MSGSEND = YES;
				ENABLE_TESTABILITY = YES;
				GCC_C_LANGUAGE_STANDARD = gnu11;
				GCC_DYNAMIC_NO_PIC = NO;
				GCC_NO_COMMON_BLOCKS = YES;
				GCC_OPTIMIZATION_LEVEL = 0;
				GCC_PREPROCESSOR_DEFINITIONS = (
					"DEBUG=1",
					"$(inherited)",
				);
				GCC_WARN_64_TO_32_BIT_CONVERSION = YES;
				GCC_WARN_ABOUT_RETURN_TYPE = YES_ERROR;
				GCC_WARN_UNDECLARED_SELECTOR = YES;
				GCC_WARN_UNINITIALIZED_AUTOS = YES_AGGRESSIVE;
				GCC_WARN_UNUSED_FUNCTION = YES;
				GCC_WARN_UNUSED_VARIABLE = YES;
				IPHONEOS_DEPLOYMENT_TARGET = 11.3;
				MTL_ENABLE_DEBUG_INFO = YES;
				ONLY_ACTIVE_ARCH = YES;
				SDKROOT = iphoneos;
			};
			name = Debug;
		};
		CA63E85C209C04E300090A20 /* Release */ = {
			isa = XCBuildConfiguration;
			buildSettings = {
				ALWAYS_SEARCH_USER_PATHS = NO;
				CLANG_ANALYZER_NONNULL = YES;
				CLANG_ANALYZER_NUMBER_OBJECT_CONVERSION = YES_AGGRESSIVE;
				CLANG_CXX_LANGUAGE_STANDARD = "gnu++14";
				CLANG_CXX_LIBRARY = "libc++";
				CLANG_ENABLE_MODULES = YES;
				CLANG_ENABLE_OBJC_ARC = YES;
				CLANG_ENABLE_OBJC_WEAK = YES;
				CLANG_WARN_BLOCK_CAPTURE_AUTORELEASING = YES;
				CLANG_WARN_BOOL_CONVERSION = YES;
				CLANG_WARN_COMMA = YES;
				CLANG_WARN_CONSTANT_CONVERSION = YES;
				CLANG_WARN_DEPRECATED_OBJC_IMPLEMENTATIONS = YES;
				CLANG_WARN_DIRECT_OBJC_ISA_USAGE = YES_ERROR;
				CLANG_WARN_DOCUMENTATION_COMMENTS = YES;
				CLANG_WARN_EMPTY_BODY = YES;
				CLANG_WARN_ENUM_CONVERSION = YES;
				CLANG_WARN_INFINITE_RECURSION = YES;
				CLANG_WARN_INT_CONVERSION = YES;
				CLANG_WARN_NON_LITERAL_NULL_CONVERSION = YES;
				CLANG_WARN_OBJC_IMPLICIT_RETAIN_SELF = YES;
				CLANG_WARN_OBJC_LITERAL_CONVERSION = YES;
				CLANG_WARN_OBJC_ROOT_CLASS = YES_ERROR;
				CLANG_WARN_RANGE_LOOP_ANALYSIS = YES;
				CLANG_WARN_STRICT_PROTOTYPES = YES;
				CLANG_WARN_SUSPICIOUS_MOVE = YES;
				CLANG_WARN_UNGUARDED_AVAILABILITY = YES_AGGRESSIVE;
				CLANG_WARN_UNREACHABLE_CODE = YES;
				CLANG_WARN__DUPLICATE_METHOD_MATCH = YES;
				CODE_SIGN_IDENTITY = "iPhone Developer";
				COPY_PHASE_STRIP = NO;
				DEBUG_INFORMATION_FORMAT = "dwarf-with-dsym";
				ENABLE_NS_ASSERTIONS = NO;
				ENABLE_STRICT_OBJC_MSGSEND = YES;
				GCC_C_LANGUAGE_STANDARD = gnu11;
				GCC_NO_COMMON_BLOCKS = YES;
				GCC_WARN_64_TO_32_BIT_CONVERSION = YES;
				GCC_WARN_ABOUT_RETURN_TYPE = YES_ERROR;
				GCC_WARN_UNDECLARED_SELECTOR = YES;
				GCC_WARN_UNINITIALIZED_AUTOS = YES_AGGRESSIVE;
				GCC_WARN_UNUSED_FUNCTION = YES;
				GCC_WARN_UNUSED_VARIABLE = YES;
				IPHONEOS_DEPLOYMENT_TARGET = 11.3;
				MTL_ENABLE_DEBUG_INFO = NO;
				SDKROOT = iphoneos;
				VALIDATE_PRODUCT = YES;
			};
			name = Release;
		};
		CA63E85E209C04E300090A20 /* Debug */ = {
			isa = XCBuildConfiguration;
			baseConfigurationReference = DA637E8D35030DE7336E3EB8 /* Pods-NLVideoPlayer.debug.xcconfig */;
			buildSettings = {
				ASSETCATALOG_COMPILER_APPICON_NAME = AppIcon;
				CODE_SIGN_STYLE = Automatic;
				DEVELOPMENT_TEAM = C5MTK9MWCG;
				INFOPLIST_FILE = NLVideoPlayer/Info.plist;
				IPHONEOS_DEPLOYMENT_TARGET = 9.0;
				LD_RUNPATH_SEARCH_PATHS = (
					"$(inherited)",
					"@executable_path/Frameworks",
				);
				PRODUCT_BUNDLE_IDENTIFIER = home.NLVideoPlayer;
				PRODUCT_NAME = "$(TARGET_NAME)";
				TARGETED_DEVICE_FAMILY = "1,2";
			};
			name = Debug;
		};
		CA63E85F209C04E300090A20 /* Release */ = {
			isa = XCBuildConfiguration;
			baseConfigurationReference = DE5AAC144CE21BB1C03685B1 /* Pods-NLVideoPlayer.release.xcconfig */;
			buildSettings = {
				ASSETCATALOG_COMPILER_APPICON_NAME = AppIcon;
				CODE_SIGN_STYLE = Automatic;
				DEVELOPMENT_TEAM = C5MTK9MWCG;
				INFOPLIST_FILE = NLVideoPlayer/Info.plist;
				IPHONEOS_DEPLOYMENT_TARGET = 9.0;
				LD_RUNPATH_SEARCH_PATHS = (
					"$(inherited)",
					"@executable_path/Frameworks",
				);
				PRODUCT_BUNDLE_IDENTIFIER = home.NLVideoPlayer;
				PRODUCT_NAME = "$(TARGET_NAME)";
				TARGETED_DEVICE_FAMILY = "1,2";
			};
			name = Release;
		};
		CA63E861209C04E300090A20 /* Debug */ = {
			isa = XCBuildConfiguration;
			buildSettings = {
				BUNDLE_LOADER = "$(TEST_HOST)";
				CODE_SIGN_STYLE = Automatic;
				DEVELOPMENT_TEAM = ZR5V7NS6LG;
				INFOPLIST_FILE = NLVideoPlayerTests/Info.plist;
				LD_RUNPATH_SEARCH_PATHS = (
					"$(inherited)",
					"@executable_path/Frameworks",
					"@loader_path/Frameworks",
				);
				PRODUCT_BUNDLE_IDENTIFIER = home.NLVideoPlayerTests;
				PRODUCT_NAME = "$(TARGET_NAME)";
				TARGETED_DEVICE_FAMILY = "1,2";
				TEST_HOST = "$(BUILT_PRODUCTS_DIR)/NLVideoPlayer.app/NLVideoPlayer";
			};
			name = Debug;
		};
		CA63E862209C04E300090A20 /* Release */ = {
			isa = XCBuildConfiguration;
			buildSettings = {
				BUNDLE_LOADER = "$(TEST_HOST)";
				CODE_SIGN_STYLE = Automatic;
				DEVELOPMENT_TEAM = ZR5V7NS6LG;
				INFOPLIST_FILE = NLVideoPlayerTests/Info.plist;
				LD_RUNPATH_SEARCH_PATHS = (
					"$(inherited)",
					"@executable_path/Frameworks",
					"@loader_path/Frameworks",
				);
				PRODUCT_BUNDLE_IDENTIFIER = home.NLVideoPlayerTests;
				PRODUCT_NAME = "$(TARGET_NAME)";
				TARGETED_DEVICE_FAMILY = "1,2";
				TEST_HOST = "$(BUILT_PRODUCTS_DIR)/NLVideoPlayer.app/NLVideoPlayer";
			};
			name = Release;
		};
		CA63E864209C04E300090A20 /* Debug */ = {
			isa = XCBuildConfiguration;
			buildSettings = {
				CODE_SIGN_STYLE = Automatic;
				DEVELOPMENT_TEAM = ZR5V7NS6LG;
				INFOPLIST_FILE = NLVideoPlayerUITests/Info.plist;
				LD_RUNPATH_SEARCH_PATHS = (
					"$(inherited)",
					"@executable_path/Frameworks",
					"@loader_path/Frameworks",
				);
				PRODUCT_BUNDLE_IDENTIFIER = home.NLVideoPlayerUITests;
				PRODUCT_NAME = "$(TARGET_NAME)";
				TARGETED_DEVICE_FAMILY = "1,2";
				TEST_TARGET_NAME = NLVideoPlayer;
			};
			name = Debug;
		};
		CA63E865209C04E300090A20 /* Release */ = {
			isa = XCBuildConfiguration;
			buildSettings = {
				CODE_SIGN_STYLE = Automatic;
				DEVELOPMENT_TEAM = ZR5V7NS6LG;
				INFOPLIST_FILE = NLVideoPlayerUITests/Info.plist;
				LD_RUNPATH_SEARCH_PATHS = (
					"$(inherited)",
					"@executable_path/Frameworks",
					"@loader_path/Frameworks",
				);
				PRODUCT_BUNDLE_IDENTIFIER = home.NLVideoPlayerUITests;
				PRODUCT_NAME = "$(TARGET_NAME)";
				TARGETED_DEVICE_FAMILY = "1,2";
				TEST_TARGET_NAME = NLVideoPlayer;
			};
			name = Release;
		};
/* End XCBuildConfiguration section */

/* Begin XCConfigurationList section */
		CA63E82C209C04E100090A20 /* Build configuration list for PBXProject "NLVideoPlayer" */ = {
			isa = XCConfigurationList;
			buildConfigurations = (
				CA63E85B209C04E300090A20 /* Debug */,
				CA63E85C209C04E300090A20 /* Release */,
			);
			defaultConfigurationIsVisible = 0;
			defaultConfigurationName = Release;
		};
		CA63E85D209C04E300090A20 /* Build configuration list for PBXNativeTarget "NLVideoPlayer" */ = {
			isa = XCConfigurationList;
			buildConfigurations = (
				CA63E85E209C04E300090A20 /* Debug */,
				CA63E85F209C04E300090A20 /* Release */,
			);
			defaultConfigurationIsVisible = 0;
			defaultConfigurationName = Release;
		};
		CA63E860209C04E300090A20 /* Build configuration list for PBXNativeTarget "NLVideoPlayerTests" */ = {
			isa = XCConfigurationList;
			buildConfigurations = (
				CA63E861209C04E300090A20 /* Debug */,
				CA63E862209C04E300090A20 /* Release */,
			);
			defaultConfigurationIsVisible = 0;
			defaultConfigurationName = Release;
		};
		CA63E863209C04E300090A20 /* Build configuration list for PBXNativeTarget "NLVideoPlayerUITests" */ = {
			isa = XCConfigurationList;
			buildConfigurations = (
				CA63E864209C04E300090A20 /* Debug */,
				CA63E865209C04E300090A20 /* Release */,
			);
			defaultConfigurationIsVisible = 0;
			defaultConfigurationName = Release;
		};
/* End XCConfigurationList section */
	};
	rootObject = CA63E829209C04E100090A20 /* Project object */;
}
